
Microsoft Visual Studio Solution File, Format Version 12.00
Project("{FAE04EC0-301F-11D3-BF4B-00C04F79EFBC}") = "Zadanie_wartownik", "Zadanie_wartownik\Zadanie_wartownik.csproj", "{223CBBB6-5133-4493-AC9C-D40D3B920328}"
EndProject
Global
	GlobalSection(SolutionConfigurationPlatforms) = preSolution
		Debug|Any CPU = Debug|Any CPU
		Release|Any CPU = Release|Any CPU
	EndGlobalSection
	GlobalSection(ProjectConfigurationPlatforms) = postSolution
		{223CBBB6-5133-4493-AC9C-D40D3B920328}.Debug|Any CPU.ActiveCfg = Debug|Any CPU
		{223CBBB6-5133-4493-AC9C-D40D3B920328}.Debug|Any CPU.Build.0 = Debug|Any CPU
		{223CBBB6-5133-4493-AC9C-D40D3B920328}.Release|Any CPU.ActiveCfg = Release|Any CPU
		{223CBBB6-5133-4493-AC9C-D40D3B920328}.Release|Any CPU.Build.0 = Release|Any CPU
	EndGlobalSection
EndGlobal
